
Microsoft Visual Studio Solution File, Format Version 12.00
# Visual Studio Version 17
VisualStudioVersion = 17.5.33627.172
MinimumVisualStudioVersion = 10.0.40219.1
Project("{FAE04EC0-301F-11D3-BF4B-00C04F79EFBC}") = "nexus", "nexus.csproj", "{34C6203E-148E-47E8-B7D9-A42FE95D51FB}"
EndProject
Global
	GlobalSection(SolutionConfigurationPlatforms) = preSolution
		Debug|Any CPU = Debug|Any CPU
		Release|Any CPU = Release|Any CPU
	EndGlobalSection
	GlobalSection(ProjectConfigurationPlatforms) = postSolution
		{34C6203E-148E-47E8-B7D9-A42FE95D51FB}.Debug|Any CPU.ActiveCfg = Debug|Any CPU
		{34C6203E-148E-47E8-B7D9-A42FE95D51FB}.Debug|Any CPU.Build.0 = Debug|Any CPU
		{34C6203E-148E-47E8-B7D9-A42FE95D51FB}.Release|Any CPU.ActiveCfg = Release|Any CPU
		{34C6203E-148E-47E8-B7D9-A42FE95D51FB}.Release|Any CPU.Build.0 = Release|Any CPU
	EndGlobalSection
	GlobalSection(SolutionProperties) = preSolution
		HideSolutionNode = FALSE
	EndGlobalSection
	GlobalSection(ExtensibilityGlobals) = postSolution
		SolutionGuid = {E1607EC2-F111-48AB-B907-F45AEC65D9EB}
	EndGlobalSection
EndGlobal
